
Microsoft Visual Studio Solution File, Format Version 12.00
# Visual Studio 2012
Project("{2150E333-8FDC-42A3-9474-1A3956D46DE8}") = "Solution Items", "Solution Items", "{B0FE8B7E-7AB4-4738-B1B3-99717758E6E8}"
	ProjectSection(SolutionItems) = preProject
		addin-project.xml = addin-project.xml
	EndProjectSection
EndProject
Project("{9344BDBB-3E7F-41FC-A0DD-8665D75EE146}") = "AvaloniaAddin", "AvaloniaAddin\AvaloniaAddin.csproj", "{6FEF311B-5D13-48A8-85FF-FB489BD44D62}"
EndProject
Global
	GlobalSection(SolutionConfigurationPlatforms) = preSolution
		Debug|Any CPU = Debug|Any CPU
		Release|Any CPU = Release|Any CPU
	EndGlobalSection
	GlobalSection(ProjectConfigurationPlatforms) = postSolution
		{6FEF311B-5D13-48A8-85FF-FB489BD44D62}.Debug|Any CPU.ActiveCfg = Debug|Any CPU
		{6FEF311B-5D13-48A8-85FF-FB489BD44D62}.Debug|Any CPU.Build.0 = Debug|Any CPU
		{6FEF311B-5D13-48A8-85FF-FB489BD44D62}.Release|Any CPU.ActiveCfg = Release|Any CPU
		{6FEF311B-5D13-48A8-85FF-FB489BD44D62}.Release|Any CPU.Build.0 = Release|Any CPU
	EndGlobalSection
EndGlobal
